
Microsoft Visual Studio Solution File, Format Version 12.00
# Visual Studio Version 17
VisualStudioVersion = 17.1.32407.343
MinimumVisualStudioVersion = 10.0.40219.1
Project("{9A19103F-16F7-4668-BE54-9A1E7A4F7556}") = "CSharpGenericsDemos.Products", "CSharpGenericsDemos.Products\CSharpGenericsDemos.Products.csproj", "{452499BF-B2FA-402A-9C27-0B63F77B3B14}"
EndProject
Global
	GlobalSection(SolutionConfigurationPlatforms) = preSolution
		Debug|Any CPU = Debug|Any CPU
		Release|Any CPU = Release|Any CPU
	EndGlobalSection
	GlobalSection(ProjectConfigurationPlatforms) = postSolution
		{452499BF-B2FA-402A-9C27-0B63F77B3B14}.Debug|Any CPU.ActiveCfg = Debug|Any CPU
		{452499BF-B2FA-402A-9C27-0B63F77B3B14}.Debug|Any CPU.Build.0 = Debug|Any CPU
		{452499BF-B2FA-402A-9C27-0B63F77B3B14}.Release|Any CPU.ActiveCfg = Release|Any CPU
		{452499BF-B2FA-402A-9C27-0B63F77B3B14}.Release|Any CPU.Build.0 = Release|Any CPU
	EndGlobalSection
	GlobalSection(SolutionProperties) = preSolution
		HideSolutionNode = FALSE
	EndGlobalSection
	GlobalSection(ExtensibilityGlobals) = postSolution
		SolutionGuid = {41CB58BB-5D06-449F-974E-0FECE3C2397F}
	EndGlobalSection
EndGlobal
